
Microsoft Visual Studio Solution File, Format Version 12.00
# Visual Studio 15
VisualStudioVersion = 15.0.28010.0
MinimumVisualStudioVersion = 10.0.40219.1
Project("{FAE04EC0-301F-11D3-BF4B-00C04F79EFBC}") = "Slack", "Slack\Slack.csproj", "{31DA133C-7341-47E4-B834-AF268D677280}"
EndProject
Project("{FAE04EC0-301F-11D3-BF4B-00C04F79EFBC}") = "Slack.Activities", "Slack.Activities\Slack.Activities.csproj", "{60FB32BE-F0E3-4015-A54B-EC81D24EDBE8}"
EndProject
Project("{FAE04EC0-301F-11D3-BF4B-00C04F79EFBC}") = "Slack.Activities.Design", "Slack.Activities.Design\Slack.Activities.Design.csproj", "{0650D87B-F325-4E1B-B826-583B82AE9D81}"
EndProject
Global
	GlobalSection(SolutionConfigurationPlatforms) = preSolution
		Debug|Any CPU = Debug|Any CPU
		Release|Any CPU = Release|Any CPU
	EndGlobalSection
	GlobalSection(ProjectConfigurationPlatforms) = postSolution
		{31DA133C-7341-47E4-B834-AF268D677280}.Debug|Any CPU.ActiveCfg = Debug|Any CPU
		{31DA133C-7341-47E4-B834-AF268D677280}.Debug|Any CPU.Build.0 = Debug|Any CPU
		{31DA133C-7341-47E4-B834-AF268D677280}.Release|Any CPU.ActiveCfg = Release|Any CPU
		{31DA133C-7341-47E4-B834-AF268D677280}.Release|Any CPU.Build.0 = Release|Any CPU
		{60FB32BE-F0E3-4015-A54B-EC81D24EDBE8}.Debug|Any CPU.ActiveCfg = Debug|Any CPU
		{60FB32BE-F0E3-4015-A54B-EC81D24EDBE8}.Debug|Any CPU.Build.0 = Debug|Any CPU
		{60FB32BE-F0E3-4015-A54B-EC81D24EDBE8}.Release|Any CPU.ActiveCfg = Release|Any CPU
		{60FB32BE-F0E3-4015-A54B-EC81D24EDBE8}.Release|Any CPU.Build.0 = Release|Any CPU
		{0650D87B-F325-4E1B-B826-583B82AE9D81}.Debug|Any CPU.ActiveCfg = Debug|Any CPU
		{0650D87B-F325-4E1B-B826-583B82AE9D81}.Debug|Any CPU.Build.0 = Debug|Any CPU
		{0650D87B-F325-4E1B-B826-583B82AE9D81}.Release|Any CPU.ActiveCfg = Release|Any CPU
		{0650D87B-F325-4E1B-B826-583B82AE9D81}.Release|Any CPU.Build.0 = Release|Any CPU
	EndGlobalSection
	GlobalSection(SolutionProperties) = preSolution
		HideSolutionNode = FALSE
	EndGlobalSection
	GlobalSection(ExtensibilityGlobals) = postSolution
		SolutionGuid = {0E1885EB-A0A6-4278-BFA3-33243D0466E0}
	EndGlobalSection
EndGlobal
